
Microsoft Visual Studio Solution File, Format Version 11.00
# Visual Studio 2010
Project("{FAE04EC0-301F-11D3-BF4B-00C04F79EFBC}") = "Assembly-CSharp-firstpass", "Assembly-CSharp-firstpass.csproj", "{86e0ba92-f75f-412a-c3d1-6a3039b10f00}"
EndProject
Project("{FAE04EC0-301F-11D3-BF4B-00C04F79EFBC}") = "Assembly-CSharp", "Assembly-CSharp.csproj", "{ed00e3ed-a92b-2289-5cbd-0453eca8aa80}"
EndProject
Project("{FAE04EC0-301F-11D3-BF4B-00C04F79EFBC}") = "Assembly-CSharp-Editor-firstpass", "Assembly-CSharp-Editor-firstpass.csproj", "{dec33f93-b160-7b97-19e7-3559cf9e7954}"
EndProject
Global
	GlobalSection(SolutionConfigurationPlatforms) = preSolution
		Debug|Any CPU = Debug|Any CPU
	EndGlobalSection
	GlobalSection(ProjectConfigurationPlatforms) = postSolution
		{86e0ba92-f75f-412a-c3d1-6a3039b10f00}.Debug|Any CPU.ActiveCfg = Debug|Any CPU
		{86e0ba92-f75f-412a-c3d1-6a3039b10f00}.Debug|Any CPU.Build.0 = Debug|Any CPU
		{ed00e3ed-a92b-2289-5cbd-0453eca8aa80}.Debug|Any CPU.ActiveCfg = Debug|Any CPU
		{ed00e3ed-a92b-2289-5cbd-0453eca8aa80}.Debug|Any CPU.Build.0 = Debug|Any CPU
		{dec33f93-b160-7b97-19e7-3559cf9e7954}.Debug|Any CPU.ActiveCfg = Debug|Any CPU
		{dec33f93-b160-7b97-19e7-3559cf9e7954}.Debug|Any CPU.Build.0 = Debug|Any CPU
	EndGlobalSection
	GlobalSection(SolutionProperties) = preSolution
		HideSolutionNode = FALSE
	EndGlobalSection
EndGlobal
